// !$*UTF8*$!
{
	archiveVersion = 1;
	classes = {
	};
	objectVersion = 50;
	objects = {

/* Begin PBXBuildFile section */
		3C09C4CC23DEDCA900574B18 /* AppDelegate.swift in Sources */ = {isa = PBXBuildFile; fileRef = 3C09C4CB23DEDCA900574B18 /* AppDelegate.swift */; };
		3C09C4CE23DEDCA900574B18 /* SceneDelegate.swift in Sources */ = {isa = PBXBuildFile; fileRef = 3C09C4CD23DEDCA900574B18 /* SceneDelegate.swift */; };
		3C09C4D323DEDCA900574B18 /* Main.storyboard in Resources */ = {isa = PBXBuildFile; fileRef = 3C09C4D123DEDCA900574B18 /* Main.storyboard */; };
		3C09C4D523DEDCAE00574B18 /* Assets.xcassets in Resources */ = {isa = PBXBuildFile; fileRef = 3C09C4D423DEDCAE00574B18 /* Assets.xcassets */; };
		3C09C4D823DEDCAE00574B18 /* LaunchScreen.storyboard in Resources */ = {isa = PBXBuildFile; fileRef = 3C09C4D623DEDCAE00574B18 /* LaunchScreen.storyboard */; };
		3C09C4E323DEDD2600574B18 /* NewsCell.swift in Sources */ = {isa = PBXBuildFile; fileRef = 3C09C4E123DEDD2600574B18 /* NewsCell.swift */; };
		3C09C4E423DEDD2600574B18 /* NewsCell.xib in Resources */ = {isa = PBXBuildFile; fileRef = 3C09C4E223DEDD2600574B18 /* NewsCell.xib */; };
		3C09C4E723DEDD7800574B18 /* SearchInputController.swift in Sources */ = {isa = PBXBuildFile; fileRef = 3C09C4E623DEDD7800574B18 /* SearchInputController.swift */; };
		3C09C4E923DEDD9600574B18 /* SearchResultController.swift in Sources */ = {isa = PBXBuildFile; fileRef = 3C09C4E823DEDD9600574B18 /* SearchResultController.swift */; };
		3C09C4EB23DEDDD700574B18 /* FilterController.swift in Sources */ = {isa = PBXBuildFile; fileRef = 3C09C4EA23DEDDD700574B18 /* FilterController.swift */; };
		3C09C4ED23DEDDF700574B18 /* NewsViewController.swift in Sources */ = {isa = PBXBuildFile; fileRef = 3C09C4EC23DEDDF700574B18 /* NewsViewController.swift */; };
		3C09C4F023DEDE1800574B18 /* NewsModel.swift in Sources */ = {isa = PBXBuildFile; fileRef = 3C09C4EF23DEDE1800574B18 /* NewsModel.swift */; };
/* End PBXBuildFile section */

/* Begin PBXFileReference section */
		3C09C4C823DEDCA900574B18 /* newsAlamofireFiltered.app */ = {isa = PBXFileReference; explicitFileType = wrapper.application; includeInIndex = 0; path = newsAlamofireFiltered.app; sourceTree = BUILT_PRODUCTS_DIR; };
		3C09C4CB23DEDCA900574B18 /* AppDelegate.swift */ = {isa = PBXFileReference; lastKnownFileType = sourcecode.swift; path = AppDelegate.swift; sourceTree = "<group>"; };
		3C09C4CD23DEDCA900574B18 /* SceneDelegate.swift */ = {isa = PBXFileReference; lastKnownFileType = sourcecode.swift; path = SceneDelegate.swift; sourceTree = "<group>"; };
		3C09C4D223DEDCA900574B18 /* Base */ = {isa = PBXFileReference; lastKnownFileType = file.storyboard; name = Base; path = Base.lproj/Main.storyboard; sourceTree = "<group>"; };
		3C09C4D423DEDCAE00574B18 /* Assets.xcassets */ = {isa = PBXFileReference; lastKnownFileType = folder.assetcatalog; path = Assets.xcassets; sourceTree = "<group>"; };
		3C09C4D723DEDCAE00574B18 /* Base */ = {isa = PBXFileReference; lastKnownFileType = file.storyboard; name = Base; path = Base.lproj/LaunchScreen.storyboard; sourceTree = "<group>"; };
		3C09C4D923DEDCAE00574B18 /* Info.plist */ = {isa = PBXFileReference; lastKnownFileType = text.plist.xml; path = Info.plist; sourceTree = "<group>"; };
		3C09C4E123DEDD2600574B18 /* NewsCell.swift */ = {isa = PBXFileReference; lastKnownFileType = sourcecode.swift; path = NewsCell.swift; sourceTree = "<group>"; };
		3C09C4E223DEDD2600574B18 /* NewsCell.xib */ = {isa = PBXFileReference; lastKnownFileType = file.xib; path = NewsCell.xib; sourceTree = "<group>"; };
		3C09C4E623DEDD7800574B18 /* SearchInputController.swift */ = {isa = PBXFileReference; lastKnownFileType = sourcecode.swift; path = SearchInputController.swift; sourceTree = "<group>"; };
		3C09C4E823DEDD9600574B18 /* SearchResultController.swift */ = {isa = PBXFileReference; lastKnownFileType = sourcecode.swift; path = SearchResultController.swift; sourceTree = "<group>"; };
		3C09C4EA23DEDDD700574B18 /* FilterController.swift */ = {isa = PBXFileReference; lastKnownFileType = sourcecode.swift; path = FilterController.swift; sourceTree = "<group>"; };
		3C09C4EC23DEDDF700574B18 /* NewsViewController.swift */ = {isa = PBXFileReference; lastKnownFileType = sourcecode.swift; path = NewsViewController.swift; sourceTree = "<group>"; };
		3C09C4EF23DEDE1800574B18 /* NewsModel.swift */ = {isa = PBXFileReference; lastKnownFileType = sourcecode.swift; path = NewsModel.swift; sourceTree = "<group>"; };
/* End PBXFileReference section */

/* Begin PBXFrameworksBuildPhase section */
		3C09C4C523DEDCA900574B18 /* Frameworks */ = {
			isa = PBXFrameworksBuildPhase;
			buildActionMask = 2147483647;
			files = (
			);
			runOnlyForDeploymentPostprocessing = 0;
		};
/* End PBXFrameworksBuildPhase section */

/* Begin PBXGroup section */
		3C09C4BF23DEDCA900574B18 = {
			isa = PBXGroup;
			children = (
				3C09C4CA23DEDCA900574B18 /* newsAlamofireFiltered */,
				3C09C4C923DEDCA900574B18 /* Products */,
			);
			sourceTree = "<group>";
		};
		3C09C4C923DEDCA900574B18 /* Products */ = {
			isa = PBXGroup;
			children = (
				3C09C4C823DEDCA900574B18 /* newsAlamofireFiltered.app */,
			);
			name = Products;
			sourceTree = "<group>";
		};
		3C09C4CA23DEDCA900574B18 /* newsAlamofireFiltered */ = {
			isa = PBXGroup;
			children = (
				3C09C4F123DEDE1D00574B18 /* NewsModel */,
				3C09C4EE23DEDDFE00574B18 /* Controller */,
				3C09C4E523DEDD2E00574B18 /* NewsCell */,
				3C09C4F223DEDE4D00574B18 /* View */,
				3C09C4D423DEDCAE00574B18 /* Assets.xcassets */,
				3C09C4CB23DEDCA900574B18 /* AppDelegate.swift */,
				3C09C4CD23DEDCA900574B18 /* SceneDelegate.swift */,
				3C09C4D623DEDCAE00574B18 /* LaunchScreen.storyboard */,
				3C09C4D923DEDCAE00574B18 /* Info.plist */,
			);
			path = newsAlamofireFiltered;
			sourceTree = "<group>";
		};
		3C09C4E523DEDD2E00574B18 /* NewsCell */ = {
			isa = PBXGroup;
			children = (
				3C09C4E123DEDD2600574B18 /* NewsCell.swift */,
				3C09C4E223DEDD2600574B18 /* NewsCell.xib */,
			);
			path = NewsCell;
			sourceTree = "<group>";
		};
		3C09C4EE23DEDDFE00574B18 /* Controller */ = {
			isa = PBXGroup;
			children = (
				3C09C4E623DEDD7800574B18 /* SearchInputController.swift */,
				3C09C4E823DEDD9600574B18 /* SearchResultController.swift */,
				3C09C4EA23DEDDD700574B18 /* FilterController.swift */,
				3C09C4EC23DEDDF700574B18 /* NewsViewController.swift */,
			);
			path = Controller;
			sourceTree = "<group>";
		};
		3C09C4F123DEDE1D00574B18 /* NewsModel */ = {
			isa = PBXGroup;
			children = (
				3C09C4EF23DEDE1800574B18 /* NewsModel.swift */,
			);
			path = NewsModel;
			sourceTree = "<group>";
		};
		3C09C4F223DEDE4D00574B18 /* View */ = {
			isa = PBXGroup;
			children = (
				3C09C4D123DEDCA900574B18 /* Main.storyboard */,
			);
			path = View;
			sourceTree = "<group>";
		};
/* End PBXGroup section */

/* Begin PBXNativeTarget section */
		3C09C4C723DEDCA900574B18 /* newsAlamofireFiltered */ = {
			isa = PBXNativeTarget;
			buildConfigurationList = 3C09C4DC23DEDCAE00574B18 /* Build configuration list for PBXNativeTarget "newsAlamofireFiltered" */;
			buildPhases = (
				3C09C4C423DEDCA900574B18 /* Sources */,
				3C09C4C523DEDCA900574B18 /* Frameworks */,
				3C09C4C623DEDCA900574B18 /* Resources */,
			);
			buildRules = (
			);
			dependencies = (
			);
			name = newsAlamofireFiltered;
			productName = newsAlamofireFiltered;
			productReference = 3C09C4C823DEDCA900574B18 /* newsAlamofireFiltered.app */;
			productType = "com.apple.product-type.application";
		};
/* End PBXNativeTarget section */

/* Begin PBXProject section */
		3C09C4C023DEDCA900574B18 /* Project object */ = {
			isa = PBXProject;
			attributes = {
				LastSwiftUpdateCheck = 1130;
				LastUpgradeCheck = 1130;
				ORGANIZATIONNAME = miketsyba;
				TargetAttributes = {
					3C09C4C723DEDCA900574B18 = {
						CreatedOnToolsVersion = 11.3.1;
					};
				};
			};
			buildConfigurationList = 3C09C4C323DEDCA900574B18 /* Build configuration list for PBXProject "newsAlamofireFiltered" */;
			compatibilityVersion = "Xcode 9.3";
			developmentRegion = en;
			hasScannedForEncodings = 0;
			knownRegions = (
				en,
				Base,
			);
			mainGroup = 3C09C4BF23DEDCA900574B18;
			productRefGroup = 3C09C4C923DEDCA900574B18 /* Products */;
			projectDirPath = "";
			projectRoot = "";
			targets = (
				3C09C4C723DEDCA900574B18 /* newsAlamofireFiltered */,
			);
		};
/* End PBXProject section */

/* Begin PBXResourcesBuildPhase section */
		3C09C4C623DEDCA900574B18 /* Resources */ = {
			isa = PBXResourcesBuildPhase;
			buildActionMask = 2147483647;
			files = (
				3C09C4D823DEDCAE00574B18 /* LaunchScreen.storyboard in Resources */,
				3C09C4D523DEDCAE00574B18 /* Assets.xcassets in Resources */,
				3C09C4E423DEDD2600574B18 /* NewsCell.xib in Resources */,
				3C09C4D323DEDCA900574B18 /* Main.storyboard in Resources */,
			);
			runOnlyForDeploymentPostprocessing = 0;
		};
/* End PBXResourcesBuildPhase section */

/* Begin PBXSourcesBuildPhase section */
		3C09C4C423DEDCA900574B18 /* Sources */ = {
			isa = PBXSourcesBuildPhase;
			buildActionMask = 2147483647;
			files = (
				3C09C4F023DEDE1800574B18 /* NewsModel.swift in Sources */,
				3C09C4E723DEDD7800574B18 /* SearchInputController.swift in Sources */,
				3C09C4CC23DEDCA900574B18 /* AppDelegate.swift in Sources */,
				3C09C4E323DEDD2600574B18 /* NewsCell.swift in Sources */,
				3C09C4EB23DEDDD700574B18 /* FilterController.swift in Sources */,
				3C09C4ED23DEDDF700574B18 /* NewsViewController.swift in Sources */,
				3C09C4CE23DEDCA900574B18 /* SceneDelegate.swift in Sources */,
				3C09C4E923DEDD9600574B18 /* SearchResultController.swift in Sources */,
			);
			runOnlyForDeploymentPostprocessing = 0;
		};
/* End PBXSourcesBuildPhase section */

/* Begin PBXVariantGroup section */
		3C09C4D123DEDCA900574B18 /* Main.storyboard */ = {
			isa = PBXVariantGroup;
			children = (
				3C09C4D223DEDCA900574B18 /* Base */,
			);
			name = Main.storyboard;
			sourceTree = "<group>";
		};
		3C09C4D623DEDCAE00574B18 /* LaunchScreen.storyboard */ = {
			isa = PBXVariantGroup;
			children = (
				3C09C4D723DEDCAE00574B18 /* Base */,
			);
			name = LaunchScreen.storyboard;
			sourceTree = "<group>";
		};
/* End PBXVariantGroup section */

/* Begin XCBuildConfiguration section */
		3C09C4DA23DEDCAE00574B18 /* Debug */ = {
			isa = XCBuildConfiguration;
			buildSettings = {
				ALWAYS_SEARCH_USER_PATHS = NO;
				CLANG_ANALYZER_NONNULL = YES;
				CLANG_ANALYZER_NUMBER_OBJECT_CONVERSION = YES_AGGRESSIVE;
				CLANG_CXX_LANGUAGE_STANDARD = "gnu++14";
				CLANG_CXX_LIBRARY = "libc++";
				CLANG_ENABLE_MODULES = YES;
				CLANG_ENABLE_OBJC_ARC = YES;
				CLANG_ENABLE_OBJC_WEAK = YES;
				CLANG_WARN_BLOCK_CAPTURE_AUTORELEASING = YES;
				CLANG_WARN_BOOL_CONVERSION = YES;
				CLANG_WARN_COMMA = YES;
				CLANG_WARN_CONSTANT_CONVERSION = YES;
				CLANG_WARN_DEPRECATED_OBJC_IMPLEMENTATIONS = YES;
				CLANG_WARN_DIRECT_OBJC_ISA_USAGE = YES_ERROR;
				CLANG_WARN_DOCUMENTATION_COMMENTS = YES;
				CLANG_WARN_EMPTY_BODY = YES;
				CLANG_WARN_ENUM_CONVERSION = YES;
				CLANG_WARN_INFINITE_RECURSION = YES;
				CLANG_WARN_INT_CONVERSION = YES;
				CLANG_WARN_NON_LITERAL_NULL_CONVERSION = YES;
				CLANG_WARN_OBJC_IMPLICIT_RETAIN_SELF = YES;
				CLANG_WARN_OBJC_LITERAL_CONVERSION = YES;
				CLANG_WARN_OBJC_ROOT_CLASS = YES_ERROR;
				CLANG_WARN_RANGE_LOOP_ANALYSIS = YES;
				CLANG_WARN_STRICT_PROTOTYPES = YES;
				CLANG_WARN_SUSPICIOUS_MOVE = YES;
				CLANG_WARN_UNGUARDED_AVAILABILITY = YES_AGGRESSIVE;
				CLANG_WARN_UNREACHABLE_CODE = YES;
				CLANG_WARN__DUPLICATE_METHOD_MATCH = YES;
				COPY_PHASE_STRIP = NO;
				DEBUG_INFORMATION_FORMAT = dwarf;
				ENABLE_STRICT_OBJC_MSGSEND = YES;
				ENABLE_TESTABILITY = YES;
				GCC_C_LANGUAGE_STANDARD = gnu11;
				GCC_DYNAMIC_NO_PIC = NO;
				GCC_NO_COMMON_BLOCKS = YES;
				GCC_OPTIMIZATION_LEVEL = 0;
				GCC_PREPROCESSOR_DEFINITIONS = (
					"DEBUG=1",
					"$(inherited)",
				);
				GCC_WARN_64_TO_32_BIT_CONVERSION = YES;
				GCC_WARN_ABOUT_RETURN_TYPE = YES_ERROR;
				GCC_WARN_UNDECLARED_SELECTOR = YES;
				GCC_WARN_UNINITIALIZED_AUTOS = YES_AGGRESSIVE;
				GCC_WARN_UNUSED_FUNCTION = YES;
				GCC_WARN_UNUSED_VARIABLE = YES;
				IPHONEOS_DEPLOYMENT_TARGET = 13.2;
				MTL_ENABLE_DEBUG_INFO = INCLUDE_SOURCE;
				MTL_FAST_MATH = YES;
				ONLY_ACTIVE_ARCH = YES;
				SDKROOT = iphoneos;
				SWIFT_ACTIVE_COMPILATION_CONDITIONS = DEBUG;
				SWIFT_OPTIMIZATION_LEVEL = "-Onone";
			};
			name = Debug;
		};
		3C09C4DB23DEDCAE00574B18 /* Release */ = {
			isa = XCBuildConfiguration;
			buildSettings = {
				ALWAYS_SEARCH_USER_PATHS = NO;
				CLANG_ANALYZER_NONNULL = YES;
				CLANG_ANALYZER_NUMBER_OBJECT_CONVERSION = YES_AGGRESSIVE;
				CLANG_CXX_LANGUAGE_STANDARD = "gnu++14";
				CLANG_CXX_LIBRARY = "libc++";
				CLANG_ENABLE_MODULES = YES;
				CLANG_ENABLE_OBJC_ARC = YES;
				CLANG_ENABLE_OBJC_WEAK = YES;
				CLANG_WARN_BLOCK_CAPTURE_AUTORELEASING = YES;
				CLANG_WARN_BOOL_CONVERSION = YES;
				CLANG_WARN_COMMA = YES;
				CLANG_WARN_CONSTANT_CONVERSION = YES;
				CLANG_WARN_DEPRECATED_OBJC_IMPLEMENTATIONS = YES;
				CLANG_WARN_DIRECT_OBJC_ISA_USAGE = YES_ERROR;
				CLANG_WARN_DOCUMENTATION_COMMENTS = YES;
				CLANG_WARN_EMPTY_BODY = YES;
				CLANG_WARN_ENUM_CONVERSION = YES;
				CLANG_WARN_INFINITE_RECURSION = YES;
				CLANG_WARN_INT_CONVERSION = YES;
				CLANG_WARN_NON_LITERAL_NULL_CONVERSION = YES;
				CLANG_WARN_OBJC_IMPLICIT_RETAIN_SELF = YES;
				CLANG_WARN_OBJC_LITERAL_CONVERSION = YES;
				CLANG_WARN_OBJC_ROOT_CLASS = YES_ERROR;
				CLANG_WARN_RANGE_LOOP_ANALYSIS = YES;
				CLANG_WARN_STRICT_PROTOTYPES = YES;
				CLANG_WARN_SUSPICIOUS_MOVE = YES;
				CLANG_WARN_UNGUARDED_AVAILABILITY = YES_AGGRESSIVE;
				CLANG_WARN_UNREACHABLE_CODE = YES;
				CLANG_WARN__DUPLICATE_METHOD_MATCH = YES;
				COPY_PHASE_STRIP = NO;
				DEBUG_INFORMATION_FORMAT = "dwarf-with-dsym";
				ENABLE_NS_ASSERTIONS = NO;
				ENABLE_STRICT_OBJC_MSGSEND = YES;
				GCC_C_LANGUAGE_STANDARD = gnu11;
				GCC_NO_COMMON_BLOCKS = YES;
				GCC_WARN_64_TO_32_BIT_CONVERSION = YES;
				GCC_WARN_ABOUT_RETURN_TYPE = YES_ERROR;
				GCC_WARN_UNDECLARED_SELECTOR = YES;
				GCC_WARN_UNINITIALIZED_AUTOS = YES_AGGRESSIVE;
				GCC_WARN_UNUSED_FUNCTION = YES;
				GCC_WARN_UNUSED_VARIABLE = YES;
				IPHONEOS_DEPLOYMENT_TARGET = 13.2;
				MTL_ENABLE_DEBUG_INFO = NO;
				MTL_FAST_MATH = YES;
				SDKROOT = iphoneos;
				SWIFT_COMPILATION_MODE = wholemodule;
				SWIFT_OPTIMIZATION_LEVEL = "-O";
				VALIDATE_PRODUCT = YES;
			};
			name = Release;
		};
		3C09C4DD23DEDCAE00574B18 /* Debug */ = {
			isa = XCBuildConfiguration;
			buildSettings = {
				ASSETCATALOG_COMPILER_APPICON_NAME = AppIcon;
				CODE_SIGN_STYLE = Automatic;
				DEVELOPMENT_TEAM = RQ826K28FT;
				INFOPLIST_FILE = newsAlamofireFiltered/Info.plist;
				LD_RUNPATH_SEARCH_PATHS = (
					"$(inherited)",
					"@executable_path/Frameworks",
				);
				PRODUCT_BUNDLE_IDENTIFIER = com.miketsyba.newsAlamofireFiltered;
				PRODUCT_NAME = "$(TARGET_NAME)";
				SWIFT_VERSION = 5.0;
				TARGETED_DEVICE_FAMILY = "1,2";
			};
			name = Debug;
		};
		3C09C4DE23DEDCAE00574B18 /* Release */ = {
			isa = XCBuildConfiguration;
			buildSettings = {
				ASSETCATALOG_COMPILER_APPICON_NAME = AppIcon;
				CODE_SIGN_STYLE = Automatic;
				DEVELOPMENT_TEAM = RQ826K28FT;
				INFOPLIST_FILE = newsAlamofireFiltered/Info.plist;
				LD_RUNPATH_SEARCH_PATHS = (
					"$(inherited)",
					"@executable_path/Frameworks",
				);
				PRODUCT_BUNDLE_IDENTIFIER = com.miketsyba.newsAlamofireFiltered;
				PRODUCT_NAME = "$(TARGET_NAME)";
				SWIFT_VERSION = 5.0;
				TARGETED_DEVICE_FAMILY = "1,2";
			};
			name = Release;
		};
/* End XCBuildConfiguration section */

/* Begin XCConfigurationList section */
		3C09C4C323DEDCA900574B18 /* Build configuration list for PBXProject "newsAlamofireFiltered" */ = {
			isa = XCConfigurationList;
			buildConfigurations = (
				3C09C4DA23DEDCAE00574B18 /* Debug */,
				3C09C4DB23DEDCAE00574B18 /* Release */,
			);
			defaultConfigurationIsVisible = 0;
			defaultConfigurationName = Release;
		};
		3C09C4DC23DEDCAE00574B18 /* Build configuration list for PBXNativeTarget "newsAlamofireFiltered" */ = {
			isa = XCConfigurationList;
			buildConfigurations = (
				3C09C4DD23DEDCAE00574B18 /* Debug */,
				3C09C4DE23DEDCAE00574B18 /* Release */,
			);
			defaultConfigurationIsVisible = 0;
			defaultConfigurationName = Release;
		};
/* End XCConfigurationList section */
	};
	rootObject = 3C09C4C023DEDCA900574B18 /* Project object */;
}
